
Microsoft Visual Studio Solution File, Format Version 12.00
# Visual Studio Version 16
VisualStudioVersion = 16.0.31702.278
MinimumVisualStudioVersion = 10.0.40219.1
Project("{FAE04EC0-301F-11D3-BF4B-00C04F79EFBC}") = "LifeOrDeathCLI", "LifeOrDeathCLI\LifeOrDeathCLI.csproj", "{E1FE8240-8AAE-4B3B-90B9-9BAB160E0FC0}"
EndProject
Project("{2150E333-8FDC-42A3-9474-1A3956D46DE8}") = "Solution Items", "Solution Items", "{C25E735B-2F67-4814-B6F5-C2E7C225BA7B}"
	ProjectSection(SolutionItems) = preProject
		Eletjatek_szimulator.pdf = Eletjatek_szimulator.pdf
	EndProjectSection
EndProject
Global
	GlobalSection(SolutionConfigurationPlatforms) = preSolution
		Debug|Any CPU = Debug|Any CPU
		Release|Any CPU = Release|Any CPU
	EndGlobalSection
	GlobalSection(ProjectConfigurationPlatforms) = postSolution
		{E1FE8240-8AAE-4B3B-90B9-9BAB160E0FC0}.Debug|Any CPU.ActiveCfg = Debug|Any CPU
		{E1FE8240-8AAE-4B3B-90B9-9BAB160E0FC0}.Debug|Any CPU.Build.0 = Debug|Any CPU
		{E1FE8240-8AAE-4B3B-90B9-9BAB160E0FC0}.Release|Any CPU.ActiveCfg = Release|Any CPU
		{E1FE8240-8AAE-4B3B-90B9-9BAB160E0FC0}.Release|Any CPU.Build.0 = Release|Any CPU
	EndGlobalSection
	GlobalSection(SolutionProperties) = preSolution
		HideSolutionNode = FALSE
	EndGlobalSection
	GlobalSection(ExtensibilityGlobals) = postSolution
		SolutionGuid = {CFBB5F5A-99CF-4117-8CD7-1D16E1B773EF}
	EndGlobalSection
EndGlobal
